
Microsoft Visual Studio Solution File, Format Version 12.00
# Visual Studio Version 17
VisualStudioVersion = 17.3.32922.545
MinimumVisualStudioVersion = 10.0.40219.1
Project("{FAE04EC0-301F-11D3-BF4B-00C04F79EFBC}") = "MACHINA.Android", "MACHINA\MACHINA.Android\MACHINA.Android.csproj", "{23DCFA78-3F46-4C4F-95B0-570F563A34F3}"
EndProject
Project("{FAE04EC0-301F-11D3-BF4B-00C04F79EFBC}") = "MACHINA.iOS", "MACHINA\MACHINA.iOS\MACHINA.iOS.csproj", "{FE781B4A-06A9-4B39-B45E-B7BF590C84D9}"
EndProject
Project("{FAE04EC0-301F-11D3-BF4B-00C04F79EFBC}") = "MACHINA", "MACHINA\MACHINA\MACHINA.csproj", "{2AB16077-7DC4-4654-AE4C-ECC4239B1CA0}"
EndProject
Global
	GlobalSection(SolutionConfigurationPlatforms) = preSolution
		Debug|Any CPU = Debug|Any CPU
		Debug|iPhone = Debug|iPhone
		Debug|iPhoneSimulator = Debug|iPhoneSimulator
		Release|Any CPU = Release|Any CPU
		Release|iPhone = Release|iPhone
		Release|iPhoneSimulator = Release|iPhoneSimulator
	EndGlobalSection
	GlobalSection(ProjectConfigurationPlatforms) = postSolution
		{23DCFA78-3F46-4C4F-95B0-570F563A34F3}.Debug|Any CPU.ActiveCfg = Debug|Any CPU
		{23DCFA78-3F46-4C4F-95B0-570F563A34F3}.Debug|Any CPU.Build.0 = Debug|Any CPU
		{23DCFA78-3F46-4C4F-95B0-570F563A34F3}.Debug|Any CPU.Deploy.0 = Debug|Any CPU
		{23DCFA78-3F46-4C4F-95B0-570F563A34F3}.Debug|iPhone.ActiveCfg = Debug|Any CPU
		{23DCFA78-3F46-4C4F-95B0-570F563A34F3}.Debug|iPhone.Build.0 = Debug|Any CPU
		{23DCFA78-3F46-4C4F-95B0-570F563A34F3}.Debug|iPhone.Deploy.0 = Debug|Any CPU
		{23DCFA78-3F46-4C4F-95B0-570F563A34F3}.Debug|iPhoneSimulator.ActiveCfg = Debug|Any CPU
		{23DCFA78-3F46-4C4F-95B0-570F563A34F3}.Debug|iPhoneSimulator.Build.0 = Debug|Any CPU
		{23DCFA78-3F46-4C4F-95B0-570F563A34F3}.Debug|iPhoneSimulator.Deploy.0 = Debug|Any CPU
		{23DCFA78-3F46-4C4F-95B0-570F563A34F3}.Release|Any CPU.ActiveCfg = Release|Any CPU
		{23DCFA78-3F46-4C4F-95B0-570F563A34F3}.Release|Any CPU.Build.0 = Release|Any CPU
		{23DCFA78-3F46-4C4F-95B0-570F563A34F3}.Release|Any CPU.Deploy.0 = Release|Any CPU
		{23DCFA78-3F46-4C4F-95B0-570F563A34F3}.Release|iPhone.ActiveCfg = Release|Any CPU
		{23DCFA78-3F46-4C4F-95B0-570F563A34F3}.Release|iPhone.Build.0 = Release|Any CPU
		{23DCFA78-3F46-4C4F-95B0-570F563A34F3}.Release|iPhone.Deploy.0 = Release|Any CPU
		{23DCFA78-3F46-4C4F-95B0-570F563A34F3}.Release|iPhoneSimulator.ActiveCfg = Release|Any CPU
		{23DCFA78-3F46-4C4F-95B0-570F563A34F3}.Release|iPhoneSimulator.Build.0 = Release|Any CPU
		{23DCFA78-3F46-4C4F-95B0-570F563A34F3}.Release|iPhoneSimulator.Deploy.0 = Release|Any CPU
		{FE781B4A-06A9-4B39-B45E-B7BF590C84D9}.Debug|Any CPU.ActiveCfg = Debug|iPhone
		{FE781B4A-06A9-4B39-B45E-B7BF590C84D9}.Debug|Any CPU.Build.0 = Debug|iPhone
		{FE781B4A-06A9-4B39-B45E-B7BF590C84D9}.Debug|Any CPU.Deploy.0 = Debug|iPhone
		{FE781B4A-06A9-4B39-B45E-B7BF590C84D9}.Debug|iPhone.ActiveCfg = Debug|iPhone
		{FE781B4A-06A9-4B39-B45E-B7BF590C84D9}.Debug|iPhone.Build.0 = Debug|iPhone
		{FE781B4A-06A9-4B39-B45E-B7BF590C84D9}.Debug|iPhone.Deploy.0 = Debug|iPhone
		{FE781B4A-06A9-4B39-B45E-B7BF590C84D9}.Debug|iPhoneSimulator.ActiveCfg = Debug|iPhoneSimulator
		{FE781B4A-06A9-4B39-B45E-B7BF590C84D9}.Debug|iPhoneSimulator.Build.0 = Debug|iPhoneSimulator
		{FE781B4A-06A9-4B39-B45E-B7BF590C84D9}.Debug|iPhoneSimulator.Deploy.0 = Debug|iPhoneSimulator
		{FE781B4A-06A9-4B39-B45E-B7BF590C84D9}.Release|Any CPU.ActiveCfg = Release|iPhoneSimulator
		{FE781B4A-06A9-4B39-B45E-B7BF590C84D9}.Release|Any CPU.Build.0 = Release|iPhoneSimulator
		{FE781B4A-06A9-4B39-B45E-B7BF590C84D9}.Release|Any CPU.Deploy.0 = Release|iPhoneSimulator
		{FE781B4A-06A9-4B39-B45E-B7BF590C84D9}.Release|iPhone.ActiveCfg = Release|iPhone
		{FE781B4A-06A9-4B39-B45E-B7BF590C84D9}.Release|iPhone.Build.0 = Release|iPhone
		{FE781B4A-06A9-4B39-B45E-B7BF590C84D9}.Release|iPhone.Deploy.0 = Release|iPhone
		{FE781B4A-06A9-4B39-B45E-B7BF590C84D9}.Release|iPhoneSimulator.ActiveCfg = Release|iPhoneSimulator
		{FE781B4A-06A9-4B39-B45E-B7BF590C84D9}.Release|iPhoneSimulator.Build.0 = Release|iPhoneSimulator
		{FE781B4A-06A9-4B39-B45E-B7BF590C84D9}.Release|iPhoneSimulator.Deploy.0 = Release|iPhoneSimulator
		{2AB16077-7DC4-4654-AE4C-ECC4239B1CA0}.Debug|Any CPU.ActiveCfg = Debug|Any CPU
		{2AB16077-7DC4-4654-AE4C-ECC4239B1CA0}.Debug|Any CPU.Build.0 = Debug|Any CPU
		{2AB16077-7DC4-4654-AE4C-ECC4239B1CA0}.Debug|Any CPU.Deploy.0 = Debug|Any CPU
		{2AB16077-7DC4-4654-AE4C-ECC4239B1CA0}.Debug|iPhone.ActiveCfg = Debug|Any CPU
		{2AB16077-7DC4-4654-AE4C-ECC4239B1CA0}.Debug|iPhone.Build.0 = Debug|Any CPU
		{2AB16077-7DC4-4654-AE4C-ECC4239B1CA0}.Debug|iPhone.Deploy.0 = Debug|Any CPU
		{2AB16077-7DC4-4654-AE4C-ECC4239B1CA0}.Debug|iPhoneSimulator.ActiveCfg = Debug|Any CPU
		{2AB16077-7DC4-4654-AE4C-ECC4239B1CA0}.Debug|iPhoneSimulator.Build.0 = Debug|Any CPU
		{2AB16077-7DC4-4654-AE4C-ECC4239B1CA0}.Debug|iPhoneSimulator.Deploy.0 = Debug|Any CPU
		{2AB16077-7DC4-4654-AE4C-ECC4239B1CA0}.Release|Any CPU.ActiveCfg = Release|Any CPU
		{2AB16077-7DC4-4654-AE4C-ECC4239B1CA0}.Release|Any CPU.Build.0 = Release|Any CPU
		{2AB16077-7DC4-4654-AE4C-ECC4239B1CA0}.Release|Any CPU.Deploy.0 = Release|Any CPU
		{2AB16077-7DC4-4654-AE4C-ECC4239B1CA0}.Release|iPhone.ActiveCfg = Release|Any CPU
		{2AB16077-7DC4-4654-AE4C-ECC4239B1CA0}.Release|iPhone.Build.0 = Release|Any CPU
		{2AB16077-7DC4-4654-AE4C-ECC4239B1CA0}.Release|iPhone.Deploy.0 = Release|Any CPU
		{2AB16077-7DC4-4654-AE4C-ECC4239B1CA0}.Release|iPhoneSimulator.ActiveCfg = Release|Any CPU
		{2AB16077-7DC4-4654-AE4C-ECC4239B1CA0}.Release|iPhoneSimulator.Build.0 = Release|Any CPU
		{2AB16077-7DC4-4654-AE4C-ECC4239B1CA0}.Release|iPhoneSimulator.Deploy.0 = Release|Any CPU
	EndGlobalSection
	GlobalSection(SolutionProperties) = preSolution
		HideSolutionNode = FALSE
	EndGlobalSection
	GlobalSection(ExtensibilityGlobals) = postSolution
		SolutionGuid = {C2BCE42E-2D4C-43C3-83E0-D58CDB2AA681}
	EndGlobalSection
EndGlobal
